// !$*UTF8*$!
{
	archiveVersion = 1;
	classes = {
	};
	objectVersion = 48;
	objects = {

/* Begin PBXBuildFile section */
		A4017E08209D924300D69011 /* AppDelegate.swift in Sources */ = {isa = PBXBuildFile; fileRef = A4017E07209D924300D69011 /* AppDelegate.swift */; };
		A4017E0A209D924300D69011 /* ViewController.swift in Sources */ = {isa = PBXBuildFile; fileRef = A4017E09209D924300D69011 /* ViewController.swift */; };
		A4017E0D209D924300D69011 /* Main.storyboard in Resources */ = {isa = PBXBuildFile; fileRef = A4017E0B209D924300D69011 /* Main.storyboard */; };
		A4017E0F209D924300D69011 /* Assets.xcassets in Resources */ = {isa = PBXBuildFile; fileRef = A4017E0E209D924300D69011 /* Assets.xcassets */; };
		A4017E12209D924300D69011 /* LaunchScreen.storyboard in Resources */ = {isa = PBXBuildFile; fileRef = A4017E10209D924300D69011 /* LaunchScreen.storyboard */; };
		A4017E1C209D94C400D69011 /* PgeMainViewController.swift in Sources */ = {isa = PBXBuildFile; fileRef = A4017E1B209D94C400D69011 /* PgeMainViewController.swift */; };
		A4017E1E209D99A600D69011 /* FirstVC.swift in Sources */ = {isa = PBXBuildFile; fileRef = A4017E1D209D99A600D69011 /* FirstVC.swift */; };
		A43D470820A0785500CB53E3 /* SecondVC.swift in Sources */ = {isa = PBXBuildFile; fileRef = A43D470720A0785500CB53E3 /* SecondVC.swift */; };
		A43D470A20A0786400CB53E3 /* ThirdVC.swift in Sources */ = {isa = PBXBuildFile; fileRef = A43D470920A0786400CB53E3 /* ThirdVC.swift */; };
		A43D470C20A0786F00CB53E3 /* FourthVC.swift in Sources */ = {isa = PBXBuildFile; fileRef = A43D470B20A0786F00CB53E3 /* FourthVC.swift */; };
		A46C375620A97D3400AE3EED /* NewVC.swift in Sources */ = {isa = PBXBuildFile; fileRef = A46C375520A97D3400AE3EED /* NewVC.swift */; };
/* End PBXBuildFile section */

/* Begin PBXFileReference section */
		A4017E04209D924300D69011 /* PageVCSample.app */ = {isa = PBXFileReference; explicitFileType = wrapper.application; includeInIndex = 0; path = PageVCSample.app; sourceTree = BUILT_PRODUCTS_DIR; };
		A4017E07209D924300D69011 /* AppDelegate.swift */ = {isa = PBXFileReference; lastKnownFileType = sourcecode.swift; path = AppDelegate.swift; sourceTree = "<group>"; };
		A4017E09209D924300D69011 /* ViewController.swift */ = {isa = PBXFileReference; lastKnownFileType = sourcecode.swift; path = ViewController.swift; sourceTree = "<group>"; };
		A4017E0C209D924300D69011 /* Base */ = {isa = PBXFileReference; lastKnownFileType = file.storyboard; name = Base; path = Base.lproj/Main.storyboard; sourceTree = "<group>"; };
		A4017E0E209D924300D69011 /* Assets.xcassets */ = {isa = PBXFileReference; lastKnownFileType = folder.assetcatalog; path = Assets.xcassets; sourceTree = "<group>"; };
		A4017E11209D924300D69011 /* Base */ = {isa = PBXFileReference; lastKnownFileType = file.storyboard; name = Base; path = Base.lproj/LaunchScreen.storyboard; sourceTree = "<group>"; };
		A4017E13209D924300D69011 /* Info.plist */ = {isa = PBXFileReference; lastKnownFileType = text.plist.xml; path = Info.plist; sourceTree = "<group>"; };
		A4017E1B209D94C400D69011 /* PgeMainViewController.swift */ = {isa = PBXFileReference; lastKnownFileType = sourcecode.swift; path = PgeMainViewController.swift; sourceTree = "<group>"; };
		A4017E1D209D99A600D69011 /* FirstVC.swift */ = {isa = PBXFileReference; lastKnownFileType = sourcecode.swift; path = FirstVC.swift; sourceTree = "<group>"; };
		A43D470720A0785500CB53E3 /* SecondVC.swift */ = {isa = PBXFileReference; lastKnownFileType = sourcecode.swift; path = SecondVC.swift; sourceTree = "<group>"; };
		A43D470920A0786400CB53E3 /* ThirdVC.swift */ = {isa = PBXFileReference; lastKnownFileType = sourcecode.swift; path = ThirdVC.swift; sourceTree = "<group>"; };
		A43D470B20A0786F00CB53E3 /* FourthVC.swift */ = {isa = PBXFileReference; lastKnownFileType = sourcecode.swift; path = FourthVC.swift; sourceTree = "<group>"; };
		A46C375520A97D3400AE3EED /* NewVC.swift */ = {isa = PBXFileReference; lastKnownFileType = sourcecode.swift; path = NewVC.swift; sourceTree = "<group>"; };
/* End PBXFileReference section */

/* Begin PBXFrameworksBuildPhase section */
		A4017E01209D924300D69011 /* Frameworks */ = {
			isa = PBXFrameworksBuildPhase;
			buildActionMask = 2147483647;
			files = (
			);
			runOnlyForDeploymentPostprocessing = 0;
		};
/* End PBXFrameworksBuildPhase section */

/* Begin PBXGroup section */
		A4017DFB209D924200D69011 = {
			isa = PBXGroup;
			children = (
				A4017E06209D924300D69011 /* PageVCSample */,
				A4017E05209D924300D69011 /* Products */,
			);
			sourceTree = "<group>";
		};
		A4017E05209D924300D69011 /* Products */ = {
			isa = PBXGroup;
			children = (
				A4017E04209D924300D69011 /* PageVCSample.app */,
			);
			name = Products;
			sourceTree = "<group>";
		};
		A4017E06209D924300D69011 /* PageVCSample */ = {
			isa = PBXGroup;
			children = (
				A4017E07209D924300D69011 /* AppDelegate.swift */,
				A4017E09209D924300D69011 /* ViewController.swift */,
				A4017E0B209D924300D69011 /* Main.storyboard */,
				A4017E0E209D924300D69011 /* Assets.xcassets */,
				A4017E10209D924300D69011 /* LaunchScreen.storyboard */,
				A4017E13209D924300D69011 /* Info.plist */,
				A4017E1B209D94C400D69011 /* PgeMainViewController.swift */,
				A4017E1D209D99A600D69011 /* FirstVC.swift */,
				A43D470720A0785500CB53E3 /* SecondVC.swift */,
				A43D470920A0786400CB53E3 /* ThirdVC.swift */,
				A43D470B20A0786F00CB53E3 /* FourthVC.swift */,
				A46C375520A97D3400AE3EED /* NewVC.swift */,
			);
			path = PageVCSample;
			sourceTree = "<group>";
		};
/* End PBXGroup section */

/* Begin PBXNativeTarget section */
		A4017E03209D924300D69011 /* PageVCSample */ = {
			isa = PBXNativeTarget;
			buildConfigurationList = A4017E16209D924300D69011 /* Build configuration list for PBXNativeTarget "PageVCSample" */;
			buildPhases = (
				A4017E00209D924300D69011 /* Sources */,
				A4017E01209D924300D69011 /* Frameworks */,
				A4017E02209D924300D69011 /* Resources */,
			);
			buildRules = (
			);
			dependencies = (
			);
			name = PageVCSample;
			productName = PageVCSample;
			productReference = A4017E04209D924300D69011 /* PageVCSample.app */;
			productType = "com.apple.product-type.application";
		};
/* End PBXNativeTarget section */

/* Begin PBXProject section */
		A4017DFC209D924200D69011 /* Project object */ = {
			isa = PBXProject;
			attributes = {
				LastSwiftUpdateCheck = 0920;
				LastUpgradeCheck = 0920;
				ORGANIZATIONNAME = "AFFIXUS IMAC1";
				TargetAttributes = {
					A4017E03209D924300D69011 = {
						CreatedOnToolsVersion = 9.2;
						ProvisioningStyle = Automatic;
					};
				};
			};
			buildConfigurationList = A4017DFF209D924200D69011 /* Build configuration list for PBXProject "PageVCSample" */;
			compatibilityVersion = "Xcode 8.0";
			developmentRegion = en;
			hasScannedForEncodings = 0;
			knownRegions = (
				en,
				Base,
			);
			mainGroup = A4017DFB209D924200D69011;
			productRefGroup = A4017E05209D924300D69011 /* Products */;
			projectDirPath = "";
			projectRoot = "";
			targets = (
				A4017E03209D924300D69011 /* PageVCSample */,
			);
		};
/* End PBXProject section */

/* Begin PBXResourcesBuildPhase section */
		A4017E02209D924300D69011 /* Resources */ = {
			isa = PBXResourcesBuildPhase;
			buildActionMask = 2147483647;
			files = (
				A4017E12209D924300D69011 /* LaunchScreen.storyboard in Resources */,
				A4017E0F209D924300D69011 /* Assets.xcassets in Resources */,
				A4017E0D209D924300D69011 /* Main.storyboard in Resources */,
			);
			runOnlyForDeploymentPostprocessing = 0;
		};
/* End PBXResourcesBuildPhase section */

/* Begin PBXSourcesBuildPhase section */
		A4017E00209D924300D69011 /* Sources */ = {
			isa = PBXSourcesBuildPhase;
			buildActionMask = 2147483647;
			files = (
				A43D470A20A0786400CB53E3 /* ThirdVC.swift in Sources */,
				A46C375620A97D3400AE3EED /* NewVC.swift in Sources */,
				A4017E0A209D924300D69011 /* ViewController.swift in Sources */,
				A43D470820A0785500CB53E3 /* SecondVC.swift in Sources */,
				A4017E1E209D99A600D69011 /* FirstVC.swift in Sources */,
				A4017E1C209D94C400D69011 /* PgeMainViewController.swift in Sources */,
				A43D470C20A0786F00CB53E3 /* FourthVC.swift in Sources */,
				A4017E08209D924300D69011 /* AppDelegate.swift in Sources */,
			);
			runOnlyForDeploymentPostprocessing = 0;
		};
/* End PBXSourcesBuildPhase section */

/* Begin PBXVariantGroup section */
		A4017E0B209D924300D69011 /* Main.storyboard */ = {
			isa = PBXVariantGroup;
			children = (
				A4017E0C209D924300D69011 /* Base */,
			);
			name = Main.storyboard;
			sourceTree = "<group>";
		};
		A4017E10209D924300D69011 /* LaunchScreen.storyboard */ = {
			isa = PBXVariantGroup;
			children = (
				A4017E11209D924300D69011 /* Base */,
			);
			name = LaunchScreen.storyboard;
			sourceTree = "<group>";
		};
/* End PBXVariantGroup section */

/* Begin XCBuildConfiguration section */
		A4017E14209D924300D69011 /* Debug */ = {
			isa = XCBuildConfiguration;
			buildSettings = {
				ALWAYS_SEARCH_USER_PATHS = NO;
				CLANG_ANALYZER_NONNULL = YES;
				CLANG_ANALYZER_NUMBER_OBJECT_CONVERSION = YES_AGGRESSIVE;
				CLANG_CXX_LANGUAGE_STANDARD = "gnu++14";
				CLANG_CXX_LIBRARY = "libc++";
				CLANG_ENABLE_MODULES = YES;
				CLANG_ENABLE_OBJC_ARC = YES;
				CLANG_WARN_BLOCK_CAPTURE_AUTORELEASING = YES;
				CLANG_WARN_BOOL_CONVERSION = YES;
				CLANG_WARN_COMMA = YES;
				CLANG_WARN_CONSTANT_CONVERSION = YES;
				CLANG_WARN_DIRECT_OBJC_ISA_USAGE = YES_ERROR;
				CLANG_WARN_DOCUMENTATION_COMMENTS = YES;
				CLANG_WARN_EMPTY_BODY = YES;
				CLANG_WARN_ENUM_CONVERSION = YES;
				CLANG_WARN_INFINITE_RECURSION = YES;
				CLANG_WARN_INT_CONVERSION = YES;
				CLANG_WARN_NON_LITERAL_NULL_CONVERSION = YES;
				CLANG_WARN_OBJC_LITERAL_CONVERSION = YES;
				CLANG_WARN_OBJC_ROOT_CLASS = YES_ERROR;
				CLANG_WARN_RANGE_LOOP_ANALYSIS = YES;
				CLANG_WARN_STRICT_PROTOTYPES = YES;
				CLANG_WARN_SUSPICIOUS_MOVE = YES;
				CLANG_WARN_UNGUARDED_AVAILABILITY = YES_AGGRESSIVE;
				CLANG_WARN_UNREACHABLE_CODE = YES;
				CLANG_WARN__DUPLICATE_METHOD_MATCH = YES;
				CODE_SIGN_IDENTITY = "iPhone Developer";
				COPY_PHASE_STRIP = NO;
				DEBUG_INFORMATION_FORMAT = dwarf;
				ENABLE_STRICT_OBJC_MSGSEND = YES;
				ENABLE_TESTABILITY = YES;
				GCC_C_LANGUAGE_STANDARD = gnu11;
				GCC_DYNAMIC_NO_PIC = NO;
				GCC_NO_COMMON_BLOCKS = YES;
				GCC_OPTIMIZATION_LEVEL = 0;
				GCC_PREPROCESSOR_DEFINITIONS = (
					"DEBUG=1",
					"$(inherited)",
				);
				GCC_WARN_64_TO_32_BIT_CONVERSION = YES;
				GCC_WARN_ABOUT_RETURN_TYPE = YES_ERROR;
				GCC_WARN_UNDECLARED_SELECTOR = YES;
				GCC_WARN_UNINITIALIZED_AUTOS = YES_AGGRESSIVE;
				GCC_WARN_UNUSED_FUNCTION = YES;
				GCC_WARN_UNUSED_VARIABLE = YES;
				IPHONEOS_DEPLOYMENT_TARGET = 11.2;
				MTL_ENABLE_DEBUG_INFO = YES;
				ONLY_ACTIVE_ARCH = YES;
				SDKROOT = iphoneos;
				SWIFT_ACTIVE_COMPILATION_CONDITIONS = DEBUG;
				SWIFT_OPTIMIZATION_LEVEL = "-Onone";
			};
			name = Debug;
		};
		A4017E15209D924300D69011 /* Release */ = {
			isa = XCBuildConfiguration;
			buildSettings = {
				ALWAYS_SEARCH_USER_PATHS = NO;
				CLANG_ANALYZER_NONNULL = YES;
				CLANG_ANALYZER_NUMBER_OBJECT_CONVERSION = YES_AGGRESSIVE;
				CLANG_CXX_LANGUAGE_STANDARD = "gnu++14";
				CLANG_CXX_LIBRARY = "libc++";
				CLANG_ENABLE_MODULES = YES;
				CLANG_ENABLE_OBJC_ARC = YES;
				CLANG_WARN_BLOCK_CAPTURE_AUTORELEASING = YES;
				CLANG_WARN_BOOL_CONVERSION = YES;
				CLANG_WARN_COMMA = YES;
				CLANG_WARN_CONSTANT_CONVERSION = YES;
				CLANG_WARN_DIRECT_OBJC_ISA_USAGE = YES_ERROR;
				CLANG_WARN_DOCUMENTATION_COMMENTS = YES;
				CLANG_WARN_EMPTY_BODY = YES;
				CLANG_WARN_ENUM_CONVERSION = YES;
				CLANG_WARN_INFINITE_RECURSION = YES;
				CLANG_WARN_INT_CONVERSION = YES;
				CLANG_WARN_NON_LITERAL_NULL_CONVERSION = YES;
				CLANG_WARN_OBJC_LITERAL_CONVERSION = YES;
				CLANG_WARN_OBJC_ROOT_CLASS = YES_ERROR;
				CLANG_WARN_RANGE_LOOP_ANALYSIS = YES;
				CLANG_WARN_STRICT_PROTOTYPES = YES;
				CLANG_WARN_SUSPICIOUS_MOVE = YES;
				CLANG_WARN_UNGUARDED_AVAILABILITY = YES_AGGRESSIVE;
				CLANG_WARN_UNREACHABLE_CODE = YES;
				CLANG_WARN__DUPLICATE_METHOD_MATCH = YES;
				CODE_SIGN_IDENTITY = "iPhone Developer";
				COPY_PHASE_STRIP = NO;
				DEBUG_INFORMATION_FORMAT = "dwarf-with-dsym";
				ENABLE_NS_ASSERTIONS = NO;
				ENABLE_STRICT_OBJC_MSGSEND = YES;
				GCC_C_LANGUAGE_STANDARD = gnu11;
				GCC_NO_COMMON_BLOCKS = YES;
				GCC_WARN_64_TO_32_BIT_CONVERSION = YES;
				GCC_WARN_ABOUT_RETURN_TYPE = YES_ERROR;
				GCC_WARN_UNDECLARED_SELECTOR = YES;
				GCC_WARN_UNINITIALIZED_AUTOS = YES_AGGRESSIVE;
				GCC_WARN_UNUSED_FUNCTION = YES;
				GCC_WARN_UNUSED_VARIABLE = YES;
				IPHONEOS_DEPLOYMENT_TARGET = 11.2;
				MTL_ENABLE_DEBUG_INFO = NO;
				SDKROOT = iphoneos;
				SWIFT_OPTIMIZATION_LEVEL = "-Owholemodule";
				VALIDATE_PRODUCT = YES;
			};
			name = Release;
		};
		A4017E17209D924300D69011 /* Debug */ = {
			isa = XCBuildConfiguration;
			buildSettings = {
				ASSETCATALOG_COMPILER_APPICON_NAME = AppIcon;
				CODE_SIGN_STYLE = Automatic;
				INFOPLIST_FILE = PageVCSample/Info.plist;
				LD_RUNPATH_SEARCH_PATHS = "$(inherited) @executable_path/Frameworks";
				PRODUCT_BUNDLE_IDENTIFIER = affixus.PageVCSample;
				PRODUCT_NAME = "$(TARGET_NAME)";
				SWIFT_VERSION = 4.0;
				TARGETED_DEVICE_FAMILY = "1,2";
			};
			name = Debug;
		};
		A4017E18209D924300D69011 /* Release */ = {
			isa = XCBuildConfiguration;
			buildSettings = {
				ASSETCATALOG_COMPILER_APPICON_NAME = AppIcon;
				CODE_SIGN_STYLE = Automatic;
				INFOPLIST_FILE = PageVCSample/Info.plist;
				LD_RUNPATH_SEARCH_PATHS = "$(inherited) @executable_path/Frameworks";
				PRODUCT_BUNDLE_IDENTIFIER = affixus.PageVCSample;
				PRODUCT_NAME = "$(TARGET_NAME)";
				SWIFT_VERSION = 4.0;
				TARGETED_DEVICE_FAMILY = "1,2";
			};
			name = Release;
		};
/* End XCBuildConfiguration section */

/* Begin XCConfigurationList section */
		A4017DFF209D924200D69011 /* Build configuration list for PBXProject "PageVCSample" */ = {
			isa = XCConfigurationList;
			buildConfigurations = (
				A4017E14209D924300D69011 /* Debug */,
				A4017E15209D924300D69011 /* Release */,
			);
			defaultConfigurationIsVisible = 0;
			defaultConfigurationName = Release;
		};
		A4017E16209D924300D69011 /* Build configuration list for PBXNativeTarget "PageVCSample" */ = {
			isa = XCConfigurationList;
			buildConfigurations = (
				A4017E17209D924300D69011 /* Debug */,
				A4017E18209D924300D69011 /* Release */,
			);
			defaultConfigurationIsVisible = 0;
			defaultConfigurationName = Release;
		};
/* End XCConfigurationList section */
	};
	rootObject = A4017DFC209D924200D69011 /* Project object */;
}
